
Microsoft Visual Studio Solution File, Format Version 12.00
# Visual Studio 15
VisualStudioVersion = 15.0.28307.271
MinimumVisualStudioVersion = 10.0.40219.1
Project("{FAE04EC0-301F-11D3-BF4B-00C04F79EFBC}") = "WebApp", "WebApp\WebApp.csproj", "{65DA0154-5F3F-4C9C-8A18-92E7F9EBE0D9}"
EndProject
Global
	GlobalSection(SolutionConfigurationPlatforms) = preSolution
		Debug|Any CPU = Debug|Any CPU
		Release|Any CPU = Release|Any CPU
	EndGlobalSection
	GlobalSection(ProjectConfigurationPlatforms) = postSolution
		{65DA0154-5F3F-4C9C-8A18-92E7F9EBE0D9}.Debug|Any CPU.ActiveCfg = Debug|Any CPU
		{65DA0154-5F3F-4C9C-8A18-92E7F9EBE0D9}.Debug|Any CPU.Build.0 = Debug|Any CPU
		{65DA0154-5F3F-4C9C-8A18-92E7F9EBE0D9}.Release|Any CPU.ActiveCfg = Release|Any CPU
		{65DA0154-5F3F-4C9C-8A18-92E7F9EBE0D9}.Release|Any CPU.Build.0 = Release|Any CPU
	EndGlobalSection
	GlobalSection(SolutionProperties) = preSolution
		HideSolutionNode = FALSE
	EndGlobalSection
	GlobalSection(ExtensibilityGlobals) = postSolution
		SolutionGuid = {2F971016-FA47-4E15-B5B2-9F1465C48693}
	EndGlobalSection
EndGlobal
